[[package]]
name = "cat-rs"
version = "0.1.0"
dependencies = [
 "cc 1.0.29 (registry+https://github.com/rust-lang/crates.io-index)",
 "libc 0.2.49 (registry+https://github.com/rust-lang/crates.io-index)",
 "log 0.4.6 (registry+https://github.com/rust-lang/crates.io-index)",
 "serde 1.0.88 (registry+https://github.com/rust-lang/crates.io-index)",
 "serde_json 1.0.38 (registry+https://github.com/rust-lang/crates.io-index)",
]

[[package]]
name = "cc"
version = "1.0.29"
source = "registry+https://github.com/rust-lang/crates.io-index"

[[package]]
name = "cfg-if"
version = "0.1.6"
source = "registry+https://github.com/rust-lang/crates.io-index"

[[package]]
name = "itoa"
version = "0.4.3"
source = "registry+https://github.com/rust-lang/crates.io-index"

[[package]]
name = "libc"
version = "0.2.49"
source = "registry+https://github.com/rust-lang/crates.io-index"

[[package]]
name = "log"
version = "0.4.6"
source = "registry+https://github.com/rust-lang/crates.io-index"
dependencies = [
 "cfg-if 0.1.6 (registry+https://github.com/rust-lang/crates.io-index)",
]

[[package]]
name = "ryu"
version = "0.2.7"
source = "registry+https://github.com/rust-lang/crates.io-index"

[[package]]
name = "serde"
version = "1.0.88"
source = "registry+https://github.com/rust-lang/crates.io-index"

[[package]]
name = "serde_json"
version = "1.0.38"
source = "registry+https://github.com/rust-lang/crates.io-index"
dependencies = [
 "itoa 0.4.3 (registry+https://github.com/rust-lang/crates.io-index)",
 "ryu 0.2.7 (registry+https://github.com/rust-lang/crates.io-index)",
 "serde 1.0.88 (registry+https://github.com/rust-lang/crates.io-index)",
]

[metadata]
"checksum cc 1.0.29 (registry+https://github.com/rust-lang/crates.io-index)" = "4390a3b5f4f6bce9c1d0c00128379df433e53777fdd30e92f16a529332baec4e"
"checksum cfg-if 0.1.6 (registry+https://github.com/rust-lang/crates.io-index)" = "082bb9b28e00d3c9d39cc03e64ce4cea0f1bb9b3fde493f0cbc008472d22bdf4"
"checksum itoa 0.4.3 (registry+https://github.com/rust-lang/crates.io-index)" = "1306f3464951f30e30d12373d31c79fbd52d236e5e896fd92f96ec7babbbe60b"
"checksum libc 0.2.49 (registry+https://github.com/rust-lang/crates.io-index)" = "413f3dfc802c5dc91dc570b05125b6cda9855edfaa9825c9849807876376e70e"
"checksum log 0.4.6 (registry+https://github.com/rust-lang/crates.io-index)" = "c84ec4b527950aa83a329754b01dbe3f58361d1c5efacd1f6d68c494d08a17c6"
"checksum ryu 0.2.7 (registry+https://github.com/rust-lang/crates.io-index)" = "eb9e9b8cde282a9fe6a42dd4681319bfb63f121b8a8ee9439c6f4107e58a46f7"
"checksum serde 1.0.88 (registry+https://github.com/rust-lang/crates.io-index)" = "9f301d728f2b94c9a7691c90f07b0b4e8a4517181d9461be94c04bddeb4bd850"
"checksum serde_json 1.0.38 (registry+https://github.com/rust-lang/crates.io-index)" = "27dce848e7467aa0e2fcaf0a413641499c0b745452aaca1194d24dedde9e13c9"
